<?xml version="1.0" encoding="utf-8"?>
<Project ToolsVersion="4.0" xmlns="http://schemas.microsoft.com/developer/msbuild/2003">
  <ItemGroup>
    <Filter Include="Sobel">
      <UniqueIdentifier>{4a5c27c9-b898-42a5-8541-e9e568173dc9}</UniqueIdentifier>
    </Filter>
  </ItemGroup>
  <ItemGroup>
    <ClCompile Include="src\red-component.cpp">
      <Filter>Sobel</Filter>
    </ClCompile>
  </ItemGroup>
  <ItemGroup>
    <ClInclude Include="src\red-component.hpp">
      <Filter>Sobel</Filter>
    </ClInclude>
  </ItemGroup>
</Project>