
Microsoft Visual Studio Solution File, Format Version 11.00
# Visual C++ Express 2010
Project("{8BC9CEB8-8B4A-11D0-8D11-00A0C91BC942}") = "TP3", "TP3.u\rtmaps_sy31_odometry.vcxproj", "{BEF1E724-CCB9-4D2F-8DFF-48BC2BD3F6E7}"
EndProject
Project("{8BC9CEB8-8B4A-11D0-8D11-00A0C91BC942}") = "TP4", "TP4.u\TP4.vcxproj", "{BCA9937E-79E2-431D-9BC8-317EBE699849}"
EndProject
Project("{8BC9CEB8-8B4A-11D0-8D11-00A0C91BC942}") = "TP5", "TP5.u\TP5.vcxproj", "{DF46688D-0228-4FF5-BE3E-9695A54DB06F}"
EndProject
Global
	GlobalSection(SolutionConfigurationPlatforms) = preSolution
		Debug|Win32 = Debug|Win32
		Release|Win32 = Release|Win32
	EndGlobalSection
	GlobalSection(ProjectConfigurationPlatforms) = postSolution
		{BEF1E724-CCB9-4D2F-8DFF-48BC2BD3F6E7}.Debug|Win32.ActiveCfg = Debug|Win32
		{BEF1E724-CCB9-4D2F-8DFF-48BC2BD3F6E7}.Debug|Win32.Build.0 = Debug|Win32
		{BEF1E724-CCB9-4D2F-8DFF-48BC2BD3F6E7}.Release|Win32.ActiveCfg = Release|Win32
		{BEF1E724-CCB9-4D2F-8DFF-48BC2BD3F6E7}.Release|Win32.Build.0 = Release|Win32
		{BCA9937E-79E2-431D-9BC8-317EBE699849}.Debug|Win32.ActiveCfg = Debug|Win32
		{BCA9937E-79E2-431D-9BC8-317EBE699849}.Debug|Win32.Build.0 = Debug|Win32
		{BCA9937E-79E2-431D-9BC8-317EBE699849}.Release|Win32.ActiveCfg = Release|Win32
		{BCA9937E-79E2-431D-9BC8-317EBE699849}.Release|Win32.Build.0 = Release|Win32
		{DF46688D-0228-4FF5-BE3E-9695A54DB06F}.Debug|Win32.ActiveCfg = Debug|Win32
		{DF46688D-0228-4FF5-BE3E-9695A54DB06F}.Debug|Win32.Build.0 = Debug|Win32
		{DF46688D-0228-4FF5-BE3E-9695A54DB06F}.Release|Win32.ActiveCfg = Release|Win32
		{DF46688D-0228-4FF5-BE3E-9695A54DB06F}.Release|Win32.Build.0 = Release|Win32
	EndGlobalSection
	GlobalSection(SolutionProperties) = preSolution
		HideSolutionNode = FALSE
	EndGlobalSection
EndGlobal
